
Microsoft Visual Studio Solution File, Format Version 12.00
# Visual Studio Version 17
VisualStudioVersion = 17.0.31912.275
MinimumVisualStudioVersion = 10.0.40219.1
Project("{FAE04EC0-301F-11D3-BF4B-00C04F79EFBC}") = "Lab7.1", "Lab7.1\Lab7.1.csproj", "{54A9DA54-EAA8-4699-82E6-48F215582B8E}"
EndProject
Project("{FAE04EC0-301F-11D3-BF4B-00C04F79EFBC}") = "Lab_7.2", "Lab_7.2\Lab_7.2.csproj", "{4BDE58D3-9961-4530-A44F-C9F1AB08E52E}"
EndProject
Global
	GlobalSection(SolutionConfigurationPlatforms) = preSolution
		Debug|Any CPU = Debug|Any CPU
		Release|Any CPU = Release|Any CPU
	EndGlobalSection
	GlobalSection(ProjectConfigurationPlatforms) = postSolution
		{54A9DA54-EAA8-4699-82E6-48F215582B8E}.Debug|Any CPU.ActiveCfg = Debug|Any CPU
		{54A9DA54-EAA8-4699-82E6-48F215582B8E}.Debug|Any CPU.Build.0 = Debug|Any CPU
		{54A9DA54-EAA8-4699-82E6-48F215582B8E}.Release|Any CPU.ActiveCfg = Release|Any CPU
		{54A9DA54-EAA8-4699-82E6-48F215582B8E}.Release|Any CPU.Build.0 = Release|Any CPU
		{4BDE58D3-9961-4530-A44F-C9F1AB08E52E}.Debug|Any CPU.ActiveCfg = Debug|Any CPU
		{4BDE58D3-9961-4530-A44F-C9F1AB08E52E}.Debug|Any CPU.Build.0 = Debug|Any CPU
		{4BDE58D3-9961-4530-A44F-C9F1AB08E52E}.Release|Any CPU.ActiveCfg = Release|Any CPU
		{4BDE58D3-9961-4530-A44F-C9F1AB08E52E}.Release|Any CPU.Build.0 = Release|Any CPU
	EndGlobalSection
	GlobalSection(SolutionProperties) = preSolution
		HideSolutionNode = FALSE
	EndGlobalSection
	GlobalSection(ExtensibilityGlobals) = postSolution
		SolutionGuid = {CE4BFF73-1D54-44AD-BA43-05A285027B0C}
	EndGlobalSection
EndGlobal
